// !$*UTF8*$!
{
	archiveVersion = 1;
	classes = {
	};
	objectVersion = 55;
	objects = {

/* Begin PBXBuildFile section */
		6418713829666EA1008CFE11 /* CustomTabBar.swift in Sources */ = {isa = PBXBuildFile; fileRef = 6418713729666EA1008CFE11 /* CustomTabBar.swift */; };
		643F90522968B97300905F47 /* TabBarItemsPreferenceKey.swift in Sources */ = {isa = PBXBuildFile; fileRef = 643F90512968B97300905F47 /* TabBarItemsPreferenceKey.swift */; };
		643F90542968C17A00905F47 /* TabBarItem.swift in Sources */ = {isa = PBXBuildFile; fileRef = 643F90532968C17A00905F47 /* TabBarItem.swift */; };
		6483E639290ED7F10020CB8C /* AddBillsView.swift in Sources */ = {isa = PBXBuildFile; fileRef = 6483E638290ED7F10020CB8C /* AddBillsView.swift */; };
		64A7940E29677C9D00A7B8AE /* CustomTabBarContainerView.swift in Sources */ = {isa = PBXBuildFile; fileRef = 64A7940D29677C9D00A7B8AE /* CustomTabBarContainerView.swift */; };
		64D1217A292576A500F7BC7F /* HomeView.swift in Sources */ = {isa = PBXBuildFile; fileRef = 64D12179292576A500F7BC7F /* HomeView.swift */; };
		64D1217C29257ABD00F7BC7F /* ProfileView.swift in Sources */ = {isa = PBXBuildFile; fileRef = 64D1217B29257ABD00F7BC7F /* ProfileView.swift */; };
		64E245EF2967735D00EB8588 /* AppTabBarView.swift in Sources */ = {isa = PBXBuildFile; fileRef = 64E245EE2967735D00EB8588 /* AppTabBarView.swift */; };
		64E245F12967746900EB8588 /* CustomTabBarView.swift in Sources */ = {isa = PBXBuildFile; fileRef = 64E245F02967746900EB8588 /* CustomTabBarView.swift */; };
		64E420742924717400930BFF /* PaycheckView.swift in Sources */ = {isa = PBXBuildFile; fileRef = 64E420732924717400930BFF /* PaycheckView.swift */; };
		64E9665B28B54E4A00D4179A /* PayPurrrApp.swift in Sources */ = {isa = PBXBuildFile; fileRef = 64E9665A28B54E4A00D4179A /* PayPurrrApp.swift */; };
		64E9665D28B54E4A00D4179A /* ContentView.swift in Sources */ = {isa = PBXBuildFile; fileRef = 64E9665C28B54E4A00D4179A /* ContentView.swift */; };
		64E9665F28B54E4B00D4179A /* Assets.xcassets in Resources */ = {isa = PBXBuildFile; fileRef = 64E9665E28B54E4B00D4179A /* Assets.xcassets */; };
		64E9666228B54E4B00D4179A /* Preview Assets.xcassets in Resources */ = {isa = PBXBuildFile; fileRef = 64E9666128B54E4B00D4179A /* Preview Assets.xcassets */; };
/* End PBXBuildFile section */

/* Begin PBXFileReference section */
		6418713729666EA1008CFE11 /* CustomTabBar.swift */ = {isa = PBXFileReference; lastKnownFileType = sourcecode.swift; name = CustomTabBar.swift; path = /Users/jhold/Documents/Xcode/PayPurrr/PayPurrr/PayPurrr/CustomTabBar/CustomTabBar.swift; sourceTree = "<absolute>"; };
		643F90512968B97300905F47 /* TabBarItemsPreferenceKey.swift */ = {isa = PBXFileReference; lastKnownFileType = sourcecode.swift; path = TabBarItemsPreferenceKey.swift; sourceTree = "<group>"; };
		643F90532968C17A00905F47 /* TabBarItem.swift */ = {isa = PBXFileReference; lastKnownFileType = sourcecode.swift; path = TabBarItem.swift; sourceTree = "<group>"; };
		6483E638290ED7F10020CB8C /* AddBillsView.swift */ = {isa = PBXFileReference; lastKnownFileType = sourcecode.swift; path = AddBillsView.swift; sourceTree = "<group>"; };
		64A7940D29677C9D00A7B8AE /* CustomTabBarContainerView.swift */ = {isa = PBXFileReference; lastKnownFileType = sourcecode.swift; path = CustomTabBarContainerView.swift; sourceTree = "<group>"; };
		64D12179292576A500F7BC7F /* HomeView.swift */ = {isa = PBXFileReference; lastKnownFileType = sourcecode.swift; path = HomeView.swift; sourceTree = "<group>"; };
		64D1217B29257ABD00F7BC7F /* ProfileView.swift */ = {isa = PBXFileReference; lastKnownFileType = sourcecode.swift; path = ProfileView.swift; sourceTree = "<group>"; };
		64E245EE2967735D00EB8588 /* AppTabBarView.swift */ = {isa = PBXFileReference; lastKnownFileType = sourcecode.swift; path = AppTabBarView.swift; sourceTree = "<group>"; };
		64E245F02967746900EB8588 /* CustomTabBarView.swift */ = {isa = PBXFileReference; lastKnownFileType = sourcecode.swift; path = CustomTabBarView.swift; sourceTree = "<group>"; };
		64E420732924717400930BFF /* PaycheckView.swift */ = {isa = PBXFileReference; lastKnownFileType = sourcecode.swift; path = PaycheckView.swift; sourceTree = "<group>"; };
		64E9665728B54E4A00D4179A /* PayPurrr.app */ = {isa = PBXFileReference; explicitFileType = wrapper.application; includeInIndex = 0; path = PayPurrr.app; sourceTree = BUILT_PRODUCTS_DIR; };
		64E9665A28B54E4A00D4179A /* PayPurrrApp.swift */ = {isa = PBXFileReference; lastKnownFileType = sourcecode.swift; path = PayPurrrApp.swift; sourceTree = "<group>"; };
		64E9665C28B54E4A00D4179A /* ContentView.swift */ = {isa = PBXFileReference; lastKnownFileType = sourcecode.swift; path = ContentView.swift; sourceTree = "<group>"; };
		64E9665E28B54E4B00D4179A /* Assets.xcassets */ = {isa = PBXFileReference; lastKnownFileType = folder.assetcatalog; path = Assets.xcassets; sourceTree = "<group>"; };
		64E9666128B54E4B00D4179A /* Preview Assets.xcassets */ = {isa = PBXFileReference; lastKnownFileType = folder.assetcatalog; path = "Preview Assets.xcassets"; sourceTree = "<group>"; };
/* End PBXFileReference section */

/* Begin PBXFrameworksBuildPhase section */
		64E9665428B54E4A00D4179A /* Frameworks */ = {
			isa = PBXFrameworksBuildPhase;
			buildActionMask = 2147483647;
			files = (
			);
			runOnlyForDeploymentPostprocessing = 0;
		};
/* End PBXFrameworksBuildPhase section */

/* Begin PBXGroup section */
		64CBD9B32933FF1B00A069FD /* VIEWS */ = {
			isa = PBXGroup;
			children = (
				64E9665C28B54E4A00D4179A /* ContentView.swift */,
				64D12179292576A500F7BC7F /* HomeView.swift */,
				64E420732924717400930BFF /* PaycheckView.swift */,
				6483E638290ED7F10020CB8C /* AddBillsView.swift */,
				64D1217B29257ABD00F7BC7F /* ProfileView.swift */,
			);
			path = VIEWS;
			sourceTree = "<group>";
		};
		64CBD9B42933FF2A00A069FD /* DATA MODELS */ = {
			isa = PBXGroup;
			children = (
			);
			path = "DATA MODELS";
			sourceTree = "<group>";
		};
		64CBD9B52933FF3700A069FD /* EXTENSIONS */ = {
			isa = PBXGroup;
			children = (
			);
			path = EXTENSIONS;
			sourceTree = "<group>";
		};
		64E245ED296772E800EB8588 /* CustomTabBar */ = {
			isa = PBXGroup;
			children = (
				643F90532968C17A00905F47 /* TabBarItem.swift */,
				6418713729666EA1008CFE11 /* CustomTabBar.swift */,
				64E245EE2967735D00EB8588 /* AppTabBarView.swift */,
				64E245F02967746900EB8588 /* CustomTabBarView.swift */,
				643F90512968B97300905F47 /* TabBarItemsPreferenceKey.swift */,
				64A7940D29677C9D00A7B8AE /* CustomTabBarContainerView.swift */,
			);
			path = CustomTabBar;
			sourceTree = "<group>";
		};
		64E9664E28B54E4A00D4179A = {
			isa = PBXGroup;
			children = (
				64E9665928B54E4A00D4179A /* PayPurrr */,
				64E9665828B54E4A00D4179A /* Products */,
			);
			sourceTree = "<group>";
		};
		64E9665828B54E4A00D4179A /* Products */ = {
			isa = PBXGroup;
			children = (
				64E9665728B54E4A00D4179A /* PayPurrr.app */,
			);
			name = Products;
			sourceTree = "<group>";
		};
		64E9665928B54E4A00D4179A /* PayPurrr */ = {
			isa = PBXGroup;
			children = (
				64E9665A28B54E4A00D4179A /* PayPurrrApp.swift */,
				64CBD9B42933FF2A00A069FD /* DATA MODELS */,
				64CBD9B52933FF3700A069FD /* EXTENSIONS */,
				64E245ED296772E800EB8588 /* CustomTabBar */,
				64CBD9B32933FF1B00A069FD /* VIEWS */,
				64E9665E28B54E4B00D4179A /* Assets.xcassets */,
				64E9666028B54E4B00D4179A /* Preview Content */,
			);
			path = PayPurrr;
			sourceTree = "<group>";
		};
		64E9666028B54E4B00D4179A /* Preview Content */ = {
			isa = PBXGroup;
			children = (
				64E9666128B54E4B00D4179A /* Preview Assets.xcassets */,
			);
			path = "Preview Content";
			sourceTree = "<group>";
		};
/* End PBXGroup section */

/* Begin PBXNativeTarget section */
		64E9665628B54E4A00D4179A /* PayPurrr */ = {
			isa = PBXNativeTarget;
			buildConfigurationList = 64E9666528B54E4B00D4179A /* Build configuration list for PBXNativeTarget "PayPurrr" */;
			buildPhases = (
				64E9665328B54E4A00D4179A /* Sources */,
				64E9665428B54E4A00D4179A /* Frameworks */,
				64E9665528B54E4A00D4179A /* Resources */,
			);
			buildRules = (
			);
			dependencies = (
			);
			name = PayPurrr;
			productName = PayPurrr;
			productReference = 64E9665728B54E4A00D4179A /* PayPurrr.app */;
			productType = "com.apple.product-type.application";
		};
/* End PBXNativeTarget section */

/* Begin PBXProject section */
		64E9664F28B54E4A00D4179A /* Project object */ = {
			isa = PBXProject;
			attributes = {
				BuildIndependentTargetsInParallel = 1;
				LastSwiftUpdateCheck = 1340;
				LastUpgradeCheck = 1340;
				TargetAttributes = {
					64E9665628B54E4A00D4179A = {
						CreatedOnToolsVersion = 13.4;
					};
				};
			};
			buildConfigurationList = 64E9665228B54E4A00D4179A /* Build configuration list for PBXProject "PayPurrr" */;
			compatibilityVersion = "Xcode 13.0";
			developmentRegion = en;
			hasScannedForEncodings = 0;
			knownRegions = (
				en,
				Base,
			);
			mainGroup = 64E9664E28B54E4A00D4179A;
			productRefGroup = 64E9665828B54E4A00D4179A /* Products */;
			projectDirPath = "";
			projectRoot = "";
			targets = (
				64E9665628B54E4A00D4179A /* PayPurrr */,
			);
		};
/* End PBXProject section */

/* Begin PBXResourcesBuildPhase section */
		64E9665528B54E4A00D4179A /* Resources */ = {
			isa = PBXResourcesBuildPhase;
			buildActionMask = 2147483647;
			files = (
				64E9666228B54E4B00D4179A /* Preview Assets.xcassets in Resources */,
				64E9665F28B54E4B00D4179A /* Assets.xcassets in Resources */,
			);
			runOnlyForDeploymentPostprocessing = 0;
		};
/* End PBXResourcesBuildPhase section */

/* Begin PBXSourcesBuildPhase section */
		64E9665328B54E4A00D4179A /* Sources */ = {
			isa = PBXSourcesBuildPhase;
			buildActionMask = 2147483647;
			files = (
				64E245F12967746900EB8588 /* CustomTabBarView.swift in Sources */,
				64E420742924717400930BFF /* PaycheckView.swift in Sources */,
				64E9665D28B54E4A00D4179A /* ContentView.swift in Sources */,
				6418713829666EA1008CFE11 /* CustomTabBar.swift in Sources */,
				643F90522968B97300905F47 /* TabBarItemsPreferenceKey.swift in Sources */,
				64E9665B28B54E4A00D4179A /* PayPurrrApp.swift in Sources */,
				643F90542968C17A00905F47 /* TabBarItem.swift in Sources */,
				64D1217A292576A500F7BC7F /* HomeView.swift in Sources */,
				64D1217C29257ABD00F7BC7F /* ProfileView.swift in Sources */,
				64E245EF2967735D00EB8588 /* AppTabBarView.swift in Sources */,
				6483E639290ED7F10020CB8C /* AddBillsView.swift in Sources */,
				64A7940E29677C9D00A7B8AE /* CustomTabBarContainerView.swift in Sources */,
			);
			runOnlyForDeploymentPostprocessing = 0;
		};
/* End PBXSourcesBuildPhase section */

/* Begin XCBuildConfiguration section */
		64E9666328B54E4B00D4179A /* Debug */ = {
			isa = XCBuildConfiguration;
			buildSettings = {
				ALWAYS_SEARCH_USER_PATHS = NO;
				CLANG_ANALYZER_NONNULL = YES;
				CLANG_ANALYZER_NUMBER_OBJECT_CONVERSION = YES_AGGRESSIVE;
				CLANG_CXX_LANGUAGE_STANDARD = "gnu++17";
				CLANG_ENABLE_MODULES = YES;
				CLANG_ENABLE_OBJC_ARC = YES;
				CLANG_ENABLE_OBJC_WEAK = YES;
				CLANG_WARN_BLOCK_CAPTURE_AUTORELEASING = YES;
				CLANG_WARN_BOOL_CONVERSION = YES;
				CLANG_WARN_COMMA = YES;
				CLANG_WARN_CONSTANT_CONVERSION = YES;
				CLANG_WARN_DEPRECATED_OBJC_IMPLEMENTATIONS = YES;
				CLANG_WARN_DIRECT_OBJC_ISA_USAGE = YES_ERROR;
				CLANG_WARN_DOCUMENTATION_COMMENTS = YES;
				CLANG_WARN_EMPTY_BODY = YES;
				CLANG_WARN_ENUM_CONVERSION = YES;
				CLANG_WARN_INFINITE_RECURSION = YES;
				CLANG_WARN_INT_CONVERSION = YES;
				CLANG_WARN_NON_LITERAL_NULL_CONVERSION = YES;
				CLANG_WARN_OBJC_IMPLICIT_RETAIN_SELF = YES;
				CLANG_WARN_OBJC_LITERAL_CONVERSION = YES;
				CLANG_WARN_OBJC_ROOT_CLASS = YES_ERROR;
				CLANG_WARN_QUOTED_INCLUDE_IN_FRAMEWORK_HEADER = YES;
				CLANG_WARN_RANGE_LOOP_ANALYSIS = YES;
				CLANG_WARN_STRICT_PROTOTYPES = YES;
				CLANG_WARN_SUSPICIOUS_MOVE = YES;
				CLANG_WARN_UNGUARDED_AVAILABILITY = YES_AGGRESSIVE;
				CLANG_WARN_UNREACHABLE_CODE = YES;
				CLANG_WARN__DUPLICATE_METHOD_MATCH = YES;
				COPY_PHASE_STRIP = NO;
				DEBUG_INFORMATION_FORMAT = dwarf;
				ENABLE_STRICT_OBJC_MSGSEND = YES;
				ENABLE_TESTABILITY = YES;
				GCC_C_LANGUAGE_STANDARD = gnu11;
				GCC_DYNAMIC_NO_PIC = NO;
				GCC_NO_COMMON_BLOCKS = YES;
				GCC_OPTIMIZATION_LEVEL = 0;
				GCC_PREPROCESSOR_DEFINITIONS = (
					"DEBUG=1",
					"$(inherited)",
				);
				GCC_WARN_64_TO_32_BIT_CONVERSION = YES;
				GCC_WARN_ABOUT_RETURN_TYPE = YES_ERROR;
				GCC_WARN_UNDECLARED_SELECTOR = YES;
				GCC_WARN_UNINITIALIZED_AUTOS = YES_AGGRESSIVE;
				GCC_WARN_UNUSED_FUNCTION = YES;
				GCC_WARN_UNUSED_VARIABLE = YES;
				IPHONEOS_DEPLOYMENT_TARGET = 15.5;
				MTL_ENABLE_DEBUG_INFO = INCLUDE_SOURCE;
				MTL_FAST_MATH = YES;
				ONLY_ACTIVE_ARCH = YES;
				SDKROOT = iphoneos;
				SWIFT_ACTIVE_COMPILATION_CONDITIONS = DEBUG;
				SWIFT_OPTIMIZATION_LEVEL = "-Onone";
			};
			name = Debug;
		};
		64E9666428B54E4B00D4179A /* Release */ = {
			isa = XCBuildConfiguration;
			buildSettings = {
				ALWAYS_SEARCH_USER_PATHS = NO;
				CLANG_ANALYZER_NONNULL = YES;
				CLANG_ANALYZER_NUMBER_OBJECT_CONVERSION = YES_AGGRESSIVE;
				CLANG_CXX_LANGUAGE_STANDARD = "gnu++17";
				CLANG_ENABLE_MODULES = YES;
				CLANG_ENABLE_OBJC_ARC = YES;
				CLANG_ENABLE_OBJC_WEAK = YES;
				CLANG_WARN_BLOCK_CAPTURE_AUTORELEASING = YES;
				CLANG_WARN_BOOL_CONVERSION = YES;
				CLANG_WARN_COMMA = YES;
				CLANG_WARN_CONSTANT_CONVERSION = YES;
				CLANG_WARN_DEPRECATED_OBJC_IMPLEMENTATIONS = YES;
				CLANG_WARN_DIRECT_OBJC_ISA_USAGE = YES_ERROR;
				CLANG_WARN_DOCUMENTATION_COMMENTS = YES;
				CLANG_WARN_EMPTY_BODY = YES;
				CLANG_WARN_ENUM_CONVERSION = YES;
				CLANG_WARN_INFINITE_RECURSION = YES;
				CLANG_WARN_INT_CONVERSION = YES;
				CLANG_WARN_NON_LITERAL_NULL_CONVERSION = YES;
				CLANG_WARN_OBJC_IMPLICIT_RETAIN_SELF = YES;
				CLANG_WARN_OBJC_LITERAL_CONVERSION = YES;
				CLANG_WARN_OBJC_ROOT_CLASS = YES_ERROR;
				CLANG_WARN_QUOTED_INCLUDE_IN_FRAMEWORK_HEADER = YES;
				CLANG_WARN_RANGE_LOOP_ANALYSIS = YES;
				CLANG_WARN_STRICT_PROTOTYPES = YES;
				CLANG_WARN_SUSPICIOUS_MOVE = YES;
				CLANG_WARN_UNGUARDED_AVAILABILITY = YES_AGGRESSIVE;
				CLANG_WARN_UNREACHABLE_CODE = YES;
				CLANG_WARN__DUPLICATE_METHOD_MATCH = YES;
				COPY_PHASE_STRIP = NO;
				DEBUG_INFORMATION_FORMAT = "dwarf-with-dsym";
				ENABLE_NS_ASSERTIONS = NO;
				ENABLE_STRICT_OBJC_MSGSEND = YES;
				GCC_C_LANGUAGE_STANDARD = gnu11;
				GCC_NO_COMMON_BLOCKS = YES;
				GCC_WARN_64_TO_32_BIT_CONVERSION = YES;
				GCC_WARN_ABOUT_RETURN_TYPE = YES_ERROR;
				GCC_WARN_UNDECLARED_SELECTOR = YES;
				GCC_WARN_UNINITIALIZED_AUTOS = YES_AGGRESSIVE;
				GCC_WARN_UNUSED_FUNCTION = YES;
				GCC_WARN_UNUSED_VARIABLE = YES;
				IPHONEOS_DEPLOYMENT_TARGET = 15.5;
				MTL_ENABLE_DEBUG_INFO = NO;
				MTL_FAST_MATH = YES;
				SDKROOT = iphoneos;
				SWIFT_COMPILATION_MODE = wholemodule;
				SWIFT_OPTIMIZATION_LEVEL = "-O";
				VALIDATE_PRODUCT = YES;
			};
			name = Release;
		};
		64E9666628B54E4B00D4179A /* Debug */ = {
			isa = XCBuildConfiguration;
			buildSettings = {
				ASSETCATALOG_COMPILER_APPICON_NAME = AppIcon;
				ASSETCATALOG_COMPILER_GLOBAL_ACCENT_COLOR_NAME = AccentColor;
				CODE_SIGN_STYLE = Automatic;
				CURRENT_PROJECT_VERSION = 1;
				DEVELOPMENT_ASSET_PATHS = "\"PayPurrr/Preview Content\"";
				DEVELOPMENT_TEAM = N8877H53MP;
				ENABLE_PREVIEWS = YES;
				GENERATE_INFOPLIST_FILE = YES;
				INFOPLIST_KEY_UIApplicationSceneManifest_Generation = YES;
				INFOPLIST_KEY_UIApplicationSupportsIndirectInputEvents = YES;
				INFOPLIST_KEY_UILaunchScreen_Generation = YES;
				INFOPLIST_KEY_UISupportedInterfaceOrientations_iPad = "UIInterfaceOrientationPortrait UIInterfaceOrientationPortraitUpsideDown UIInterfaceOrientationLandscapeLeft UIInterfaceOrientationLandscapeRight";
				INFOPLIST_KEY_UISupportedInterfaceOrientations_iPhone = "UIInterfaceOrientationPortrait UIInterfaceOrientationLandscapeLeft UIInterfaceOrientationLandscapeRight";
				IPHONEOS_DEPLOYMENT_TARGET = 16.0;
				LD_RUNPATH_SEARCH_PATHS = (
					"$(inherited)",
					"@executable_path/Frameworks",
				);
				MARKETING_VERSION = 1.0;
				PRODUCT_BUNDLE_IDENTIFIER = com.lefthandedapps.PayPurrr;
				PRODUCT_NAME = "$(TARGET_NAME)";
				SUPPORTED_PLATFORMS = "iphoneos iphonesimulator";
				SUPPORTS_MACCATALYST = NO;
				SUPPORTS_MAC_DESIGNED_FOR_IPHONE_IPAD = NO;
				SWIFT_EMIT_LOC_STRINGS = YES;
				SWIFT_VERSION = 5.0;
				TARGETED_DEVICE_FAMILY = 1;
			};
			name = Debug;
		};
		64E9666728B54E4B00D4179A /* Release */ = {
			isa = XCBuildConfiguration;
			buildSettings = {
				ASSETCATALOG_COMPILER_APPICON_NAME = AppIcon;
				ASSETCATALOG_COMPILER_GLOBAL_ACCENT_COLOR_NAME = AccentColor;
				CODE_SIGN_STYLE = Automatic;
				CURRENT_PROJECT_VERSION = 1;
				DEVELOPMENT_ASSET_PATHS = "\"PayPurrr/Preview Content\"";
				DEVELOPMENT_TEAM = N8877H53MP;
				ENABLE_PREVIEWS = YES;
				GENERATE_INFOPLIST_FILE = YES;
				INFOPLIST_KEY_UIApplicationSceneManifest_Generation = YES;
				INFOPLIST_KEY_UIApplicationSupportsIndirectInputEvents = YES;
				INFOPLIST_KEY_UILaunchScreen_Generation = YES;
				INFOPLIST_KEY_UISupportedInterfaceOrientations_iPad = "UIInterfaceOrientationPortrait UIInterfaceOrientationPortraitUpsideDown UIInterfaceOrientationLandscapeLeft UIInterfaceOrientationLandscapeRight";
				INFOPLIST_KEY_UISupportedInterfaceOrientations_iPhone = "UIInterfaceOrientationPortrait UIInterfaceOrientationLandscapeLeft UIInterfaceOrientationLandscapeRight";
				IPHONEOS_DEPLOYMENT_TARGET = 16.0;
				LD_RUNPATH_SEARCH_PATHS = (
					"$(inherited)",
					"@executable_path/Frameworks",
				);
				MARKETING_VERSION = 1.0;
				PRODUCT_BUNDLE_IDENTIFIER = com.lefthandedapps.PayPurrr;
				PRODUCT_NAME = "$(TARGET_NAME)";
				SUPPORTED_PLATFORMS = "iphoneos iphonesimulator";
				SUPPORTS_MACCATALYST = NO;
				SUPPORTS_MAC_DESIGNED_FOR_IPHONE_IPAD = NO;
				SWIFT_EMIT_LOC_STRINGS = YES;
				SWIFT_VERSION = 5.0;
				TARGETED_DEVICE_FAMILY = 1;
			};
			name = Release;
		};
/* End XCBuildConfiguration section */

/* Begin XCConfigurationList section */
		64E9665228B54E4A00D4179A /* Build configuration list for PBXProject "PayPurrr" */ = {
			isa = XCConfigurationList;
			buildConfigurations = (
				64E9666328B54E4B00D4179A /* Debug */,
				64E9666428B54E4B00D4179A /* Release */,
			);
			defaultConfigurationIsVisible = 0;
			defaultConfigurationName = Release;
		};
		64E9666528B54E4B00D4179A /* Build configuration list for PBXNativeTarget "PayPurrr" */ = {
			isa = XCConfigurationList;
			buildConfigurations = (
				64E9666628B54E4B00D4179A /* Debug */,
				64E9666728B54E4B00D4179A /* Release */,
			);
			defaultConfigurationIsVisible = 0;
			defaultConfigurationName = Release;
		};
/* End XCConfigurationList section */
	};
	rootObject = 64E9664F28B54E4A00D4179A /* Project object */;
}
